
Microsoft Visual Studio Solution File, Format Version 11.00
# Visual Studio 2010
Project("{FAE04EC0-301F-11D3-BF4B-00C04F79EFBC}") = "2", "2\2.csproj", "{B2517E2E-6B24-4E76-A445-210C9E687E4B}"
EndProject
Global
	GlobalSection(SolutionConfigurationPlatforms) = preSolution
		Debug|x86 = Debug|x86
		Release|x86 = Release|x86
	EndGlobalSection
	GlobalSection(ProjectConfigurationPlatforms) = postSolution
		{B2517E2E-6B24-4E76-A445-210C9E687E4B}.Debug|x86.ActiveCfg = Debug|x86
		{B2517E2E-6B24-4E76-A445-210C9E687E4B}.Debug|x86.Build.0 = Debug|x86
		{B2517E2E-6B24-4E76-A445-210C9E687E4B}.Release|x86.ActiveCfg = Release|x86
		{B2517E2E-6B24-4E76-A445-210C9E687E4B}.Release|x86.Build.0 = Release|x86
	EndGlobalSection
	GlobalSection(SolutionProperties) = preSolution
		HideSolutionNode = FALSE
	EndGlobalSection
EndGlobal
